// !$*UTF8*$!
{
	archiveVersion = 1;
	classes = {
	};
	objectVersion = 50;
	objects = {

/* Begin PBXBuildFile section */
		2CB6AFB44248AEC1D7EF7326 /* Pods_WalletTests.framework in Frameworks */ = {isa = PBXBuildFile; fileRef = 95A8724397CC4953A7F9E72E /* Pods_WalletTests.framework */; };
		60AC208DB93701555B9756D2 /* Pods_Wallet.framework in Frameworks */ = {isa = PBXBuildFile; fileRef = D2B791AF2B9D0414C8D95EEE /* Pods_Wallet.framework */; };
		CE0E5A5F212C35DE003E2C5E /* ResponseType.swift in Sources */ = {isa = PBXBuildFile; fileRef = CE0E5A5E212C35DE003E2C5E /* ResponseType.swift */; };
		CE0E5A65212D5681003E2C5E /* BaseButton.swift in Sources */ = {isa = PBXBuildFile; fileRef = CE0E5A64212D5681003E2C5E /* BaseButton.swift */; };
		CE0E5A67212D569A003E2C5E /* LightButton.swift in Sources */ = {isa = PBXBuildFile; fileRef = CE0E5A66212D569A003E2C5E /* LightButton.swift */; };
		CE0E5A6B212D73E7003E2C5E /* Storyboard.swift in Sources */ = {isa = PBXBuildFile; fileRef = CE0E5A6A212D73E7003E2C5E /* Storyboard.swift */; };
		CE0E5A6E212DAE70003E2C5E /* UITextFieldExtension.swift in Sources */ = {isa = PBXBuildFile; fileRef = CE0E5A6D212DAE70003E2C5E /* UITextFieldExtension.swift */; };
		CE15A37A214F8E32008B311D /* QuickLaunchViewController.swift in Sources */ = {isa = PBXBuildFile; fileRef = CE15A379214F8E32008B311D /* QuickLaunchViewController.swift */; };
		CE18547A214A602C009D1360 /* PopupViewController.xib in Resources */ = {isa = PBXBuildFile; fileRef = CE185479214A602C009D1360 /* PopupViewController.xib */; };
		CE18547C214A605B009D1360 /* PopupViewController.swift in Sources */ = {isa = PBXBuildFile; fileRef = CE18547B214A605B009D1360 /* PopupViewController.swift */; };
		CE18547E214A637E009D1360 /* UIFontExtension.swift in Sources */ = {isa = PBXBuildFile; fileRef = CE18547D214A637E009D1360 /* UIFontExtension.swift */; };
		CE185480214AA044009D1360 /* PasswordRecovery.storyboard in Resources */ = {isa = PBXBuildFile; fileRef = CE18547F214AA044009D1360 /* PasswordRecovery.storyboard */; };
		CE185483214AA278009D1360 /* PasswordRecoveryViewController.swift in Sources */ = {isa = PBXBuildFile; fileRef = CE185482214AA278009D1360 /* PasswordRecoveryViewController.swift */; };
		CE185485214AC0C6009D1360 /* PasswordRecoveryProvider.swift in Sources */ = {isa = PBXBuildFile; fileRef = CE185484214AC0C6009D1360 /* PasswordRecoveryProvider.swift */; };
		CE185487214B9EF7009D1360 /* PasswordRecoveryConfirmViewController.swift in Sources */ = {isa = PBXBuildFile; fileRef = CE185486214B9EF7009D1360 /* PasswordRecoveryConfirmViewController.swift */; };
		CE185489214BA3FD009D1360 /* PasswordRecoveryBaseViewController.swift in Sources */ = {isa = PBXBuildFile; fileRef = CE185488214BA3FD009D1360 /* PasswordRecoveryBaseViewController.swift */; };
		CE18548B214BA95B009D1360 /* PasswordRecoveryConfirmProvider.swift in Sources */ = {isa = PBXBuildFile; fileRef = CE18548A214BA95B009D1360 /* PasswordRecoveryConfirmProvider.swift */; };
		CE18548D214BA978009D1360 /* PasswordRecoveryRequest.swift in Sources */ = {isa = PBXBuildFile; fileRef = CE18548C214BA978009D1360 /* PasswordRecoveryRequest.swift */; };
		CE18548F214BA987009D1360 /* PasswordRecoveryConfirmRequest.swift in Sources */ = {isa = PBXBuildFile; fileRef = CE18548E214BA987009D1360 /* PasswordRecoveryConfirmRequest.swift */; };
		CE185491214BD578009D1360 /* ProviderDelegate.swift in Sources */ = {isa = PBXBuildFile; fileRef = CE185490214BD578009D1360 /* ProviderDelegate.swift */; };
		CE185494214BE558009D1360 /* Localizable.strings in Resources */ = {isa = PBXBuildFile; fileRef = CE185496214BE558009D1360 /* Localizable.strings */; };
		CE185498214C0241009D1360 /* QuickLaunch.storyboard in Resources */ = {isa = PBXBuildFile; fileRef = CE185497214C0241009D1360 /* QuickLaunch.storyboard */; };
		CE1A47DB212E9C5400418C11 /* PasswordContainerView.swift in Sources */ = {isa = PBXBuildFile; fileRef = CE1A47D8212E9C5400418C11 /* PasswordContainerView.swift */; };
		CE1A47DC212E9C5400418C11 /* PasswordDotView.swift in Sources */ = {isa = PBXBuildFile; fileRef = CE1A47D9212E9C5400418C11 /* PasswordDotView.swift */; };
		CE1A47DD212E9C5400418C11 /* PasswordInputView.swift in Sources */ = {isa = PBXBuildFile; fileRef = CE1A47DA212E9C5400418C11 /* PasswordInputView.swift */; };
		CE1A47DE212E9E6900418C11 /* PasswordContainerView.xib in Resources */ = {isa = PBXBuildFile; fileRef = CE1A47D0212E9BDA00418C11 /* PasswordContainerView.xib */; };
		CE1BD73D212565B8006097E5 /* Podfile in Resources */ = {isa = PBXBuildFile; fileRef = CE1BD73C212565B8006097E5 /* Podfile */; };
		CE1EED752124BB8400BF39B8 /* LoginViewController.swift in Sources */ = {isa = PBXBuildFile; fileRef = CE1EED742124BB8400BF39B8 /* LoginViewController.swift */; };
		CE25B72D2125A2E10097230A /* DefaultButton.swift in Sources */ = {isa = PBXBuildFile; fileRef = CE25B7292125A2E00097230A /* DefaultButton.swift */; };
		CE25B73F2126AA200097230A /* Validations.swift in Sources */ = {isa = PBXBuildFile; fileRef = CE25B73E2126AA200097230A /* Validations.swift */; };
		CE25B74A2126B5A50097230A /* Config.swift in Sources */ = {isa = PBXBuildFile; fileRef = CE25B7492126B5A50097230A /* Config.swift */; };
		CE25B74C2126BCFF0097230A /* RequestSender.swift in Sources */ = {isa = PBXBuildFile; fileRef = CE25B74B2126BCFF0097230A /* RequestSender.swift */; };
		CE25B74E2126BEDB0097230A /* UserInfo.swift in Sources */ = {isa = PBXBuildFile; fileRef = CE25B74D2126BEDB0097230A /* UserInfo.swift */; };
		CE25B7512126F01E0097230A /* Request.swift in Sources */ = {isa = PBXBuildFile; fileRef = CE25B7502126F01E0097230A /* Request.swift */; };
		CE25B7552126F0960097230A /* LoginProvider.swift in Sources */ = {isa = PBXBuildFile; fileRef = CE25B7542126F0960097230A /* LoginProvider.swift */; };
		CE25B7572126F0BE0097230A /* LoginRequest.swift in Sources */ = {isa = PBXBuildFile; fileRef = CE25B7562126F0BE0097230A /* LoginRequest.swift */; };
		CE25B759212711620097230A /* ResponseError.swift in Sources */ = {isa = PBXBuildFile; fileRef = CE25B758212711620097230A /* ResponseError.swift */; };
		CE25B75D212723040097230A /* RegistrationProvider.swift in Sources */ = {isa = PBXBuildFile; fileRef = CE25B75C212723040097230A /* RegistrationProvider.swift */; };
		CE25B75F212723110097230A /* RegistrationRequest.swift in Sources */ = {isa = PBXBuildFile; fileRef = CE25B75E212723110097230A /* RegistrationRequest.swift */; };
		CE2C5CCD21257DDB00F153E7 /* UIViewControllerExtension.swift in Sources */ = {isa = PBXBuildFile; fileRef = CE2C5CCC21257DDB00F153E7 /* UIViewControllerExtension.swift */; };
		CE2C5CCF2125843000F153E7 /* PinInputViewController.swift in Sources */ = {isa = PBXBuildFile; fileRef = CE2C5CCE2125843000F153E7 /* PinInputViewController.swift */; };
		CE45A8BE212C029F0096DD5F /* StringExtension.swift in Sources */ = {isa = PBXBuildFile; fileRef = CE45A8BD212C029F0096DD5F /* StringExtension.swift */; };
		CE45A8C0212C0D780096DD5F /* GraphQLMutation.swift in Sources */ = {isa = PBXBuildFile; fileRef = CE45A8BF212C0D780096DD5F /* GraphQLMutation.swift */; };
		CE526C32212465A800A2EED2 /* AppDelegate.swift in Sources */ = {isa = PBXBuildFile; fileRef = CE526C31212465A800A2EED2 /* AppDelegate.swift */; };
		CE526C39212465A800A2EED2 /* Main.storyboard in Resources */ = {isa = PBXBuildFile; fileRef = CE526C37212465A800A2EED2 /* Main.storyboard */; };
		CE526C3B212465A900A2EED2 /* Assets.xcassets in Resources */ = {isa = PBXBuildFile; fileRef = CE526C3A212465A900A2EED2 /* Assets.xcassets */; };
		CE526C3E212465A900A2EED2 /* LaunchScreen.storyboard in Resources */ = {isa = PBXBuildFile; fileRef = CE526C3C212465A900A2EED2 /* LaunchScreen.storyboard */; };
		CE526C49212465A900A2EED2 /* WalletTests.swift in Sources */ = {isa = PBXBuildFile; fileRef = CE526C48212465A900A2EED2 /* WalletTests.swift */; };
		CE526C54212465A900A2EED2 /* WalletUITests.swift in Sources */ = {isa = PBXBuildFile; fileRef = CE526C53212465A900A2EED2 /* WalletUITests.swift */; };
		CE526C6621246B8B00A2EED2 /* UIViewExtension.swift in Sources */ = {isa = PBXBuildFile; fileRef = CE526C6521246B8B00A2EED2 /* UIViewExtension.swift */; };
		CE526C68212471CE00A2EED2 /* Constants.swift in Sources */ = {isa = PBXBuildFile; fileRef = CE526C67212471CE00A2EED2 /* Constants.swift */; };
		CE5FAF8A214FB25C009E707E /* PinQuickLaunchViewController.swift in Sources */ = {isa = PBXBuildFile; fileRef = CE5FAF89214FB25C009E707E /* PinQuickLaunchViewController.swift */; };
		CE5FAF8C214FB26F009E707E /* TouchIdQuickLaunchViewController.swift in Sources */ = {isa = PBXBuildFile; fileRef = CE5FAF8B214FB26F009E707E /* TouchIdQuickLaunchViewController.swift */; };
		CE5FAF8E214FB280009E707E /* PinSetupViewController.swift in Sources */ = {isa = PBXBuildFile; fileRef = CE5FAF8D214FB280009E707E /* PinSetupViewController.swift */; };
		CE5FAF90214FF1DA009E707E /* BiometricAuthProvider.swift in Sources */ = {isa = PBXBuildFile; fileRef = CE5FAF8F214FF1DA009E707E /* BiometricAuthProvider.swift */; };
		CE64515B212FF33B00C1ABB0 /* ActivityIndicatorView.swift in Sources */ = {isa = PBXBuildFile; fileRef = CE64515A212FF33B00C1ABB0 /* ActivityIndicatorView.swift */; };
		CE7546C4212EF0F100757CB8 /* BiometricsAuthErrorParser.swift in Sources */ = {isa = PBXBuildFile; fileRef = CE7546C3212EF0F100757CB8 /* BiometricsAuthErrorParser.swift */; };
		CE8F3EDB212BF20600FF1639 /* UnderlinedTextField.swift in Sources */ = {isa = PBXBuildFile; fileRef = CE8F3EDA212BF20600FF1639 /* UnderlinedTextField.swift */; };
		CEC06EB0212AEDD700D0DC97 /* SeparatorView.swift in Sources */ = {isa = PBXBuildFile; fileRef = CEC06EAF212AEDD700D0DC97 /* SeparatorView.swift */; };
		CEDDDEFC21302D9400490781 /* SocialNetworkAuthView.swift in Sources */ = {isa = PBXBuildFile; fileRef = CEDDDEFA21302D9300490781 /* SocialNetworkAuthView.swift */; };
		CEDDDEFD21302D9400490781 /* SocialNetworkAuthView.xib in Resources */ = {isa = PBXBuildFile; fileRef = CEDDDEFB21302D9400490781 /* SocialNetworkAuthView.xib */; };
		CEDDDEFF2130501900490781 /* SocialNetworkAuthRequest.swift in Sources */ = {isa = PBXBuildFile; fileRef = CEDDDEFE2130501900490781 /* SocialNetworkAuthRequest.swift */; };
		CEDDDF022134354400490781 /* UIColorExtension.swift in Sources */ = {isa = PBXBuildFile; fileRef = CEDDDF012134354400490781 /* UIColorExtension.swift */; };
		CEDDDF042134499B00490781 /* Fallbacks.swift in Sources */ = {isa = PBXBuildFile; fileRef = CEDDDF032134499B00490781 /* Fallbacks.swift */; };
		CEE72D5D2125990900991B0C /* RegistrationViewController.swift in Sources */ = {isa = PBXBuildFile; fileRef = CEE72D5C2125990900991B0C /* RegistrationViewController.swift */; };
		E8AA4A98B0213B85C9324E0C /* Pods_WalletUITests.framework in Frameworks */ = {isa = PBXBuildFile; fileRef = F2407DA6D79A3208812DC6CB /* Pods_WalletUITests.framework */; };
/* End PBXBuildFile section */

/* Begin PBXContainerItemProxy section */
		CE526C45212465A900A2EED2 /* PBXContainerItemProxy */ = {
			isa = PBXContainerItemProxy;
			containerPortal = CE526C26212465A800A2EED2 /* Project object */;
			proxyType = 1;
			remoteGlobalIDString = CE526C2D212465A800A2EED2;
			remoteInfo = Wallet;
		};
		CE526C50212465A900A2EED2 /* PBXContainerItemProxy */ = {
			isa = PBXContainerItemProxy;
			containerPortal = CE526C26212465A800A2EED2 /* Project object */;
			proxyType = 1;
			remoteGlobalIDString = CE526C2D212465A800A2EED2;
			remoteInfo = Wallet;
		};
/* End PBXContainerItemProxy section */

/* Begin PBXFileReference section */
		80BC3700A8F4F4895DBC04C6 /* Pods-WalletUITests.release.xcconfig */ = {isa = PBXFileReference; includeInIndex = 1; lastKnownFileType = text.xcconfig; name = "Pods-WalletUITests.release.xcconfig"; path = "Pods/Target Support Files/Pods-WalletUITests/Pods-WalletUITests.release.xcconfig"; sourceTree = "<group>"; };
		95A8724397CC4953A7F9E72E /* Pods_WalletTests.framework */ = {isa = PBXFileReference; explicitFileType = wrapper.framework; includeInIndex = 0; path = Pods_WalletTests.framework; sourceTree = BUILT_PRODUCTS_DIR; };
		9C21C637BF3AA6BA1C4DA088 /* Pods-Wallet.release.xcconfig */ = {isa = PBXFileReference; includeInIndex = 1; lastKnownFileType = text.xcconfig; name = "Pods-Wallet.release.xcconfig"; path = "Pods/Target Support Files/Pods-Wallet/Pods-Wallet.release.xcconfig"; sourceTree = "<group>"; };
		ADE2B87D000AB5C20D3AD8A0 /* Pods-Wallet.debug.xcconfig */ = {isa = PBXFileReference; includeInIndex = 1; lastKnownFileType = text.xcconfig; name = "Pods-Wallet.debug.xcconfig"; path = "Pods/Target Support Files/Pods-Wallet/Pods-Wallet.debug.xcconfig"; sourceTree = "<group>"; };
		BC4DE7AF801525F566BD53C3 /* Pods-WalletTests.debug.xcconfig */ = {isa = PBXFileReference; includeInIndex = 1; lastKnownFileType = text.xcconfig; name = "Pods-WalletTests.debug.xcconfig"; path = "Pods/Target Support Files/Pods-WalletTests/Pods-WalletTests.debug.xcconfig"; sourceTree = "<group>"; };
		CE0E5A5E212C35DE003E2C5E /* ResponseType.swift */ = {isa = PBXFileReference; lastKnownFileType = sourcecode.swift; path = ResponseType.swift; sourceTree = "<group>"; };
		CE0E5A64212D5681003E2C5E /* BaseButton.swift */ = {isa = PBXFileReference; lastKnownFileType = sourcecode.swift; path = BaseButton.swift; sourceTree = "<group>"; };
		CE0E5A66212D569A003E2C5E /* LightButton.swift */ = {isa = PBXFileReference; lastKnownFileType = sourcecode.swift; path = LightButton.swift; sourceTree = "<group>"; };
		CE0E5A6A212D73E7003E2C5E /* Storyboard.swift */ = {isa = PBXFileReference; lastKnownFileType = sourcecode.swift; path = Storyboard.swift; sourceTree = "<group>"; };
		CE0E5A6D212DAE70003E2C5E /* UITextFieldExtension.swift */ = {isa = PBXFileReference; lastKnownFileType = sourcecode.swift; path = UITextFieldExtension.swift; sourceTree = "<group>"; };
		CE15A379214F8E32008B311D /* QuickLaunchViewController.swift */ = {isa = PBXFileReference; lastKnownFileType = sourcecode.swift; path = QuickLaunchViewController.swift; sourceTree = "<group>"; };
		CE185479214A602C009D1360 /* PopupViewController.xib */ = {isa = PBXFileReference; lastKnownFileType = file.xib; path = PopupViewController.xib; sourceTree = "<group>"; };
		CE18547B214A605B009D1360 /* PopupViewController.swift */ = {isa = PBXFileReference; lastKnownFileType = sourcecode.swift; path = PopupViewController.swift; sourceTree = "<group>"; };
		CE18547D214A637E009D1360 /* UIFontExtension.swift */ = {isa = PBXFileReference; lastKnownFileType = sourcecode.swift; path = UIFontExtension.swift; sourceTree = "<group>"; };
		CE18547F214AA044009D1360 /* PasswordRecovery.storyboard */ = {isa = PBXFileReference; lastKnownFileType = file.storyboard; path = PasswordRecovery.storyboard; sourceTree = "<group>"; };
		CE185482214AA278009D1360 /* PasswordRecoveryViewController.swift */ = {isa = PBXFileReference; lastKnownFileType = sourcecode.swift; path = PasswordRecoveryViewController.swift; sourceTree = "<group>"; };
		CE185484214AC0C6009D1360 /* PasswordRecoveryProvider.swift */ = {isa = PBXFileReference; lastKnownFileType = sourcecode.swift; path = PasswordRecoveryProvider.swift; sourceTree = "<group>"; };
		CE185486214B9EF7009D1360 /* PasswordRecoveryConfirmViewController.swift */ = {isa = PBXFileReference; lastKnownFileType = sourcecode.swift; path = PasswordRecoveryConfirmViewController.swift; sourceTree = "<group>"; };
		CE185488214BA3FD009D1360 /* PasswordRecoveryBaseViewController.swift */ = {isa = PBXFileReference; lastKnownFileType = sourcecode.swift; path = PasswordRecoveryBaseViewController.swift; sourceTree = "<group>"; };
		CE18548A214BA95B009D1360 /* PasswordRecoveryConfirmProvider.swift */ = {isa = PBXFileReference; lastKnownFileType = sourcecode.swift; path = PasswordRecoveryConfirmProvider.swift; sourceTree = "<group>"; };
		CE18548C214BA978009D1360 /* PasswordRecoveryRequest.swift */ = {isa = PBXFileReference; lastKnownFileType = sourcecode.swift; path = PasswordRecoveryRequest.swift; sourceTree = "<group>"; };
		CE18548E214BA987009D1360 /* PasswordRecoveryConfirmRequest.swift */ = {isa = PBXFileReference; lastKnownFileType = sourcecode.swift; path = PasswordRecoveryConfirmRequest.swift; sourceTree = "<group>"; };
		CE185490214BD578009D1360 /* ProviderDelegate.swift */ = {isa = PBXFileReference; lastKnownFileType = sourcecode.swift; path = ProviderDelegate.swift; sourceTree = "<group>"; };
		CE185495214BE558009D1360 /* en */ = {isa = PBXFileReference; lastKnownFileType = text.plist.strings; name = en; path = en.lproj/Localizable.strings; sourceTree = "<group>"; };
		CE185497214C0241009D1360 /* QuickLaunch.storyboard */ = {isa = PBXFileReference; lastKnownFileType = file.storyboard; path = QuickLaunch.storyboard; sourceTree = "<group>"; };
		CE1A47D0212E9BDA00418C11 /* PasswordContainerView.xib */ = {isa = PBXFileReference; lastKnownFileType = file.xib; path = PasswordContainerView.xib; sourceTree = "<group>"; };
		CE1A47D8212E9C5400418C11 /* PasswordContainerView.swift */ = {isa = PBXFileReference; fileEncoding = 4; lastKnownFileType = sourcecode.swift; path = PasswordContainerView.swift; sourceTree = "<group>"; };
		CE1A47D9212E9C5400418C11 /* PasswordDotView.swift */ = {isa = PBXFileReference; fileEncoding = 4; lastKnownFileType = sourcecode.swift; path = PasswordDotView.swift; sourceTree = "<group>"; };
		CE1A47DA212E9C5400418C11 /* PasswordInputView.swift */ = {isa = PBXFileReference; fileEncoding = 4; lastKnownFileType = sourcecode.swift; path = PasswordInputView.swift; sourceTree = "<group>"; };
		CE1BD73C212565B8006097E5 /* Podfile */ = {isa = PBXFileReference; fileEncoding = 4; lastKnownFileType = text; path = Podfile; sourceTree = "<group>"; xcLanguageSpecificationIdentifier = xcode.lang.ruby; };
		CE1EED742124BB8400BF39B8 /* LoginViewController.swift */ = {isa = PBXFileReference; lastKnownFileType = sourcecode.swift; path = LoginViewController.swift; sourceTree = "<group>"; };
		CE25B7292125A2E00097230A /* DefaultButton.swift */ = {isa = PBXFileReference; lastKnownFileType = sourcecode.swift; path = DefaultButton.swift; sourceTree = "<group>"; };
		CE25B73E2126AA200097230A /* Validations.swift */ = {isa = PBXFileReference; lastKnownFileType = sourcecode.swift; path = Validations.swift; sourceTree = "<group>"; };
		CE25B7492126B5A50097230A /* Config.swift */ = {isa = PBXFileReference; lastKnownFileType = sourcecode.swift; path = Config.swift; sourceTree = "<group>"; };
		CE25B74B2126BCFF0097230A /* RequestSender.swift */ = {isa = PBXFileReference; lastKnownFileType = sourcecode.swift; path = RequestSender.swift; sourceTree = "<group>"; };
		CE25B74D2126BEDB0097230A /* UserInfo.swift */ = {isa = PBXFileReference; lastKnownFileType = sourcecode.swift; path = UserInfo.swift; sourceTree = "<group>"; };
		CE25B7502126F01E0097230A /* Request.swift */ = {isa = PBXFileReference; lastKnownFileType = sourcecode.swift; path = Request.swift; sourceTree = "<group>"; };
		CE25B7542126F0960097230A /* LoginProvider.swift */ = {isa = PBXFileReference; lastKnownFileType = sourcecode.swift; path = LoginProvider.swift; sourceTree = "<group>"; };
		CE25B7562126F0BE0097230A /* LoginRequest.swift */ = {isa = PBXFileReference; lastKnownFileType = sourcecode.swift; path = LoginRequest.swift; sourceTree = "<group>"; };
		CE25B758212711620097230A /* ResponseError.swift */ = {isa = PBXFileReference; lastKnownFileType = sourcecode.swift; path = ResponseError.swift; sourceTree = "<group>"; };
		CE25B75C212723040097230A /* RegistrationProvider.swift */ = {isa = PBXFileReference; lastKnownFileType = sourcecode.swift; path = RegistrationProvider.swift; sourceTree = "<group>"; };
		CE25B75E212723110097230A /* RegistrationRequest.swift */ = {isa = PBXFileReference; lastKnownFileType = sourcecode.swift; path = RegistrationRequest.swift; sourceTree = "<group>"; };
		CE2C5CCC21257DDB00F153E7 /* UIViewControllerExtension.swift */ = {isa = PBXFileReference; lastKnownFileType = sourcecode.swift; path = UIViewControllerExtension.swift; sourceTree = "<group>"; };
		CE2C5CCE2125843000F153E7 /* PinInputViewController.swift */ = {isa = PBXFileReference; lastKnownFileType = sourcecode.swift; path = PinInputViewController.swift; sourceTree = "<group>"; };
		CE45A8BD212C029F0096DD5F /* StringExtension.swift */ = {isa = PBXFileReference; lastKnownFileType = sourcecode.swift; path = StringExtension.swift; sourceTree = "<group>"; };
		CE45A8BF212C0D780096DD5F /* GraphQLMutation.swift */ = {isa = PBXFileReference; lastKnownFileType = sourcecode.swift; path = GraphQLMutation.swift; sourceTree = "<group>"; };
		CE526C2E212465A800A2EED2 /* Wallet.app */ = {isa = PBXFileReference; explicitFileType = wrapper.application; includeInIndex = 0; path = Wallet.app; sourceTree = BUILT_PRODUCTS_DIR; };
		CE526C31212465A800A2EED2 /* AppDelegate.swift */ = {isa = PBXFileReference; lastKnownFileType = sourcecode.swift; path = AppDelegate.swift; sourceTree = "<group>"; };
		CE526C38212465A800A2EED2 /* Base */ = {isa = PBXFileReference; lastKnownFileType = file.storyboard; name = Base; path = Base.lproj/Main.storyboard; sourceTree = "<group>"; };
		CE526C3A212465A900A2EED2 /* Assets.xcassets */ = {isa = PBXFileReference; lastKnownFileType = folder.assetcatalog; path = Assets.xcassets; sourceTree = "<group>"; };
		CE526C3D212465A900A2EED2 /* Base */ = {isa = PBXFileReference; lastKnownFileType = file.storyboard; name = Base; path = Base.lproj/LaunchScreen.storyboard; sourceTree = "<group>"; };
		CE526C3F212465A900A2EED2 /* Info.plist */ = {isa = PBXFileReference; lastKnownFileType = text.plist.xml; path = Info.plist; sourceTree = "<group>"; };
		CE526C44212465A900A2EED2 /* WalletTests.xctest */ = {isa = PBXFileReference; explicitFileType = wrapper.cfbundle; includeInIndex = 0; path = WalletTests.xctest; sourceTree = BUILT_PRODUCTS_DIR; };
		CE526C48212465A900A2EED2 /* WalletTests.swift */ = {isa = PBXFileReference; lastKnownFileType = sourcecode.swift; path = WalletTests.swift; sourceTree = "<group>"; };
		CE526C4A212465A900A2EED2 /* Info.plist */ = {isa = PBXFileReference; lastKnownFileType = text.plist.xml; path = Info.plist; sourceTree = "<group>"; };
		CE526C4F212465A900A2EED2 /* WalletUITests.xctest */ = {isa = PBXFileReference; explicitFileType = wrapper.cfbundle; includeInIndex = 0; path = WalletUITests.xctest; sourceTree = BUILT_PRODUCTS_DIR; };
		CE526C53212465A900A2EED2 /* WalletUITests.swift */ = {isa = PBXFileReference; lastKnownFileType = sourcecode.swift; path = WalletUITests.swift; sourceTree = "<group>"; };
		CE526C55212465A900A2EED2 /* Info.plist */ = {isa = PBXFileReference; lastKnownFileType = text.plist.xml; path = Info.plist; sourceTree = "<group>"; };
		CE526C6521246B8B00A2EED2 /* UIViewExtension.swift */ = {isa = PBXFileReference; lastKnownFileType = sourcecode.swift; path = UIViewExtension.swift; sourceTree = "<group>"; };
		CE526C67212471CE00A2EED2 /* Constants.swift */ = {isa = PBXFileReference; lastKnownFileType = sourcecode.swift; path = Constants.swift; sourceTree = "<group>"; };
		CE5FAF89214FB25C009E707E /* PinQuickLaunchViewController.swift */ = {isa = PBXFileReference; lastKnownFileType = sourcecode.swift; path = PinQuickLaunchViewController.swift; sourceTree = "<group>"; };
		CE5FAF8B214FB26F009E707E /* TouchIdQuickLaunchViewController.swift */ = {isa = PBXFileReference; lastKnownFileType = sourcecode.swift; path = TouchIdQuickLaunchViewController.swift; sourceTree = "<group>"; };
		CE5FAF8D214FB280009E707E /* PinSetupViewController.swift */ = {isa = PBXFileReference; lastKnownFileType = sourcecode.swift; path = PinSetupViewController.swift; sourceTree = "<group>"; };
		CE5FAF8F214FF1DA009E707E /* BiometricAuthProvider.swift */ = {isa = PBXFileReference; lastKnownFileType = sourcecode.swift; path = BiometricAuthProvider.swift; sourceTree = "<group>"; };
		CE64515A212FF33B00C1ABB0 /* ActivityIndicatorView.swift */ = {isa = PBXFileReference; lastKnownFileType = sourcecode.swift; path = ActivityIndicatorView.swift; sourceTree = "<group>"; };
		CE7546C3212EF0F100757CB8 /* BiometricsAuthErrorParser.swift */ = {isa = PBXFileReference; lastKnownFileType = sourcecode.swift; path = BiometricsAuthErrorParser.swift; sourceTree = "<group>"; };
		CE8F3EDA212BF20600FF1639 /* UnderlinedTextField.swift */ = {isa = PBXFileReference; lastKnownFileType = sourcecode.swift; path = UnderlinedTextField.swift; sourceTree = "<group>"; };
		CEC06EAF212AEDD700D0DC97 /* SeparatorView.swift */ = {isa = PBXFileReference; lastKnownFileType = sourcecode.swift; path = SeparatorView.swift; sourceTree = "<group>"; };
		CEDDDEFA21302D9300490781 /* SocialNetworkAuthView.swift */ = {isa = PBXFileReference; fileEncoding = 4; lastKnownFileType = sourcecode.swift; path = SocialNetworkAuthView.swift; sourceTree = "<group>"; };
		CEDDDEFB21302D9400490781 /* SocialNetworkAuthView.xib */ = {isa = PBXFileReference; fileEncoding = 4; lastKnownFileType = file.xib; path = SocialNetworkAuthView.xib; sourceTree = "<group>"; };
		CEDDDEFE2130501900490781 /* SocialNetworkAuthRequest.swift */ = {isa = PBXFileReference; lastKnownFileType = sourcecode.swift; path = SocialNetworkAuthRequest.swift; sourceTree = "<group>"; };
		CEDDDF002133EF4700490781 /* Wallet-Bridging-Header.h */ = {isa = PBXFileReference; lastKnownFileType = sourcecode.c.h; name = "Wallet-Bridging-Header.h"; path = "Wallet/App/Wallet-Bridging-Header.h"; sourceTree = SOURCE_ROOT; };
		CEDDDF012134354400490781 /* UIColorExtension.swift */ = {isa = PBXFileReference; lastKnownFileType = sourcecode.swift; path = UIColorExtension.swift; sourceTree = "<group>"; };
		CEDDDF032134499B00490781 /* Fallbacks.swift */ = {isa = PBXFileReference; lastKnownFileType = sourcecode.swift; path = Fallbacks.swift; sourceTree = "<group>"; };
		CEE72D5C2125990900991B0C /* RegistrationViewController.swift */ = {isa = PBXFileReference; lastKnownFileType = sourcecode.swift; path = RegistrationViewController.swift; sourceTree = "<group>"; };
		D2B791AF2B9D0414C8D95EEE /* Pods_Wallet.framework */ = {isa = PBXFileReference; explicitFileType = wrapper.framework; includeInIndex = 0; path = Pods_Wallet.framework; sourceTree = BUILT_PRODUCTS_DIR; };
		F2407DA6D79A3208812DC6CB /* Pods_WalletUITests.framework */ = {isa = PBXFileReference; explicitFileType = wrapper.framework; includeInIndex = 0; path = Pods_WalletUITests.framework; sourceTree = BUILT_PRODUCTS_DIR; };
		FAE747400FE4DC94F9A757B4 /* Pods-WalletTests.release.xcconfig */ = {isa = PBXFileReference; includeInIndex = 1; lastKnownFileType = text.xcconfig; name = "Pods-WalletTests.release.xcconfig"; path = "Pods/Target Support Files/Pods-WalletTests/Pods-WalletTests.release.xcconfig"; sourceTree = "<group>"; };
		FE8C6EE34B30F37B80B23249 /* Pods-WalletUITests.debug.xcconfig */ = {isa = PBXFileReference; includeInIndex = 1; lastKnownFileType = text.xcconfig; name = "Pods-WalletUITests.debug.xcconfig"; path = "Pods/Target Support Files/Pods-WalletUITests/Pods-WalletUITests.debug.xcconfig"; sourceTree = "<group>"; };
/* End PBXFileReference section */

/* Begin PBXFrameworksBuildPhase section */
		CE526C2B212465A800A2EED2 /* Frameworks */ = {
			isa = PBXFrameworksBuildPhase;
			buildActionMask = 2147483647;
			files = (
				60AC208DB93701555B9756D2 /* Pods_Wallet.framework in Frameworks */,
			);
			runOnlyForDeploymentPostprocessing = 0;
		};
		CE526C41212465A900A2EED2 /* Frameworks */ = {
			isa = PBXFrameworksBuildPhase;
			buildActionMask = 2147483647;
			files = (
				2CB6AFB44248AEC1D7EF7326 /* Pods_WalletTests.framework in Frameworks */,
			);
			runOnlyForDeploymentPostprocessing = 0;
		};
		CE526C4C212465A900A2EED2 /* Frameworks */ = {
			isa = PBXFrameworksBuildPhase;
			buildActionMask = 2147483647;
			files = (
				E8AA4A98B0213B85C9324E0C /* Pods_WalletUITests.framework in Frameworks */,
			);
			runOnlyForDeploymentPostprocessing = 0;
		};
/* End PBXFrameworksBuildPhase section */

/* Begin PBXGroup section */
		0A8E927335E4454C81DE3B38 /* Pods */ = {
			isa = PBXGroup;
			children = (
				ADE2B87D000AB5C20D3AD8A0 /* Pods-Wallet.debug.xcconfig */,
				9C21C637BF3AA6BA1C4DA088 /* Pods-Wallet.release.xcconfig */,
				BC4DE7AF801525F566BD53C3 /* Pods-WalletTests.debug.xcconfig */,
				FAE747400FE4DC94F9A757B4 /* Pods-WalletTests.release.xcconfig */,
				FE8C6EE34B30F37B80B23249 /* Pods-WalletUITests.debug.xcconfig */,
				80BC3700A8F4F4895DBC04C6 /* Pods-WalletUITests.release.xcconfig */,
			);
			name = Pods;
			sourceTree = "<group>";
		};
		3AD23EBFB46F9DD62D872C36 /* Frameworks */ = {
			isa = PBXGroup;
			children = (
				D2B791AF2B9D0414C8D95EEE /* Pods_Wallet.framework */,
				95A8724397CC4953A7F9E72E /* Pods_WalletTests.framework */,
				F2407DA6D79A3208812DC6CB /* Pods_WalletUITests.framework */,
			);
			name = Frameworks;
			sourceTree = "<group>";
		};
		CE0E5A6C212D9394003E2C5E /* App */ = {
			isa = PBXGroup;
			children = (
				CE526C31212465A800A2EED2 /* AppDelegate.swift */,
				CEDDDF002133EF4700490781 /* Wallet-Bridging-Header.h */,
				CE526C3A212465A900A2EED2 /* Assets.xcassets */,
				CE526C3C212465A900A2EED2 /* LaunchScreen.storyboard */,
				CE185496214BE558009D1360 /* Localizable.strings */,
			);
			path = App;
			sourceTree = "<group>";
		};
		CE15A378214F8BE6008B311D /* QuickLaunch */ = {
			isa = PBXGroup;
			children = (
				CE15A379214F8E32008B311D /* QuickLaunchViewController.swift */,
				CE5FAF89214FB25C009E707E /* PinQuickLaunchViewController.swift */,
				CE5FAF8B214FB26F009E707E /* TouchIdQuickLaunchViewController.swift */,
				CE5FAF8D214FB280009E707E /* PinSetupViewController.swift */,
			);
			path = QuickLaunch;
			sourceTree = "<group>";
		};
		CE185478214A5FEB009D1360 /* PopupViewController */ = {
			isa = PBXGroup;
			children = (
				CE18547B214A605B009D1360 /* PopupViewController.swift */,
				CE185479214A602C009D1360 /* PopupViewController.xib */,
			);
			path = PopupViewController;
			sourceTree = "<group>";
		};
		CE185481214AA244009D1360 /* PasswordRecovery */ = {
			isa = PBXGroup;
			children = (
				CE185488214BA3FD009D1360 /* PasswordRecoveryBaseViewController.swift */,
				CE18548A214BA95B009D1360 /* PasswordRecoveryConfirmProvider.swift */,
				CE18548E214BA987009D1360 /* PasswordRecoveryConfirmRequest.swift */,
				CE185486214B9EF7009D1360 /* PasswordRecoveryConfirmViewController.swift */,
				CE185484214AC0C6009D1360 /* PasswordRecoveryProvider.swift */,
				CE18548C214BA978009D1360 /* PasswordRecoveryRequest.swift */,
				CE185482214AA278009D1360 /* PasswordRecoveryViewController.swift */,
			);
			path = PasswordRecovery;
			sourceTree = "<group>";
		};
		CE1A47C6212E960000418C11 /* External Libs */ = {
			isa = PBXGroup;
			children = (
				CE1A47D1212E9C0200418C11 /* SmileLock */,
			);
			path = "External Libs";
			sourceTree = "<group>";
		};
		CE1A47D1212E9C0200418C11 /* SmileLock */ = {
			isa = PBXGroup;
			children = (
				CE1A47D8212E9C5400418C11 /* PasswordContainerView.swift */,
				CE1A47D9212E9C5400418C11 /* PasswordDotView.swift */,
				CE1A47DA212E9C5400418C11 /* PasswordInputView.swift */,
				CE1A47D0212E9BDA00418C11 /* PasswordContainerView.xib */,
			);
			path = SmileLock;
			sourceTree = "<group>";
		};
		CE25B7412126B4930097230A /* Login */ = {
			isa = PBXGroup;
			children = (
				CE1EED742124BB8400BF39B8 /* LoginViewController.swift */,
				CE25B7542126F0960097230A /* LoginProvider.swift */,
				CE25B7562126F0BE0097230A /* LoginRequest.swift */,
				CEDDDEFE2130501900490781 /* SocialNetworkAuthRequest.swift */,
			);
			path = Login;
			sourceTree = "<group>";
		};
		CE25B7432126B4B90097230A /* Registration */ = {
			isa = PBXGroup;
			children = (
				CEE72D5C2125990900991B0C /* RegistrationViewController.swift */,
				CE25B75C212723040097230A /* RegistrationProvider.swift */,
				CE25B75E212723110097230A /* RegistrationRequest.swift */,
			);
			path = Registration;
			sourceTree = "<group>";
		};
		CE25B7442126B4C70097230A /* Storyboards */ = {
			isa = PBXGroup;
			children = (
				CE526C37212465A800A2EED2 /* Main.storyboard */,
				CE18547F214AA044009D1360 /* PasswordRecovery.storyboard */,
				CE185497214C0241009D1360 /* QuickLaunch.storyboard */,
			);
			path = Storyboards;
			sourceTree = "<group>";
		};
		CE25B7452126B4E20097230A /* Screens */ = {
			isa = PBXGroup;
			children = (
				CE15A378214F8BE6008B311D /* QuickLaunch */,
				CE185481214AA244009D1360 /* PasswordRecovery */,
				CE25B7412126B4930097230A /* Login */,
				CE25B7472126B5220097230A /* PinInput */,
				CE185478214A5FEB009D1360 /* PopupViewController */,
				CE25B7432126B4B90097230A /* Registration */,
			);
			path = Screens;
			sourceTree = "<group>";
		};
		CE25B7462126B4F80097230A /* Helpers */ = {
			isa = PBXGroup;
			children = (
				CE7546C3212EF0F100757CB8 /* BiometricsAuthErrorParser.swift */,
				CE526C67212471CE00A2EED2 /* Constants.swift */,
				CEDDDF032134499B00490781 /* Fallbacks.swift */,
				CE0E5A6A212D73E7003E2C5E /* Storyboard.swift */,
				CE25B74D2126BEDB0097230A /* UserInfo.swift */,
				CE25B73E2126AA200097230A /* Validations.swift */,
			);
			path = Helpers;
			sourceTree = "<group>";
		};
		CE25B7472126B5220097230A /* PinInput */ = {
			isa = PBXGroup;
			children = (
				CE64515A212FF33B00C1ABB0 /* ActivityIndicatorView.swift */,
				CE5FAF8F214FF1DA009E707E /* BiometricAuthProvider.swift */,
				CE2C5CCE2125843000F153E7 /* PinInputViewController.swift */,
			);
			path = PinInput;
			sourceTree = "<group>";
		};
		CE25B74F2126EFEF0097230A /* Network */ = {
			isa = PBXGroup;
			children = (
				CE25B7492126B5A50097230A /* Config.swift */,
				CE45A8BF212C0D780096DD5F /* GraphQLMutation.swift */,
				CE25B7502126F01E0097230A /* Request.swift */,
				CE25B74B2126BCFF0097230A /* RequestSender.swift */,
				CE25B758212711620097230A /* ResponseError.swift */,
				CE0E5A5E212C35DE003E2C5E /* ResponseType.swift */,
				CE185490214BD578009D1360 /* ProviderDelegate.swift */,
			);
			path = Network;
			sourceTree = "<group>";
		};
		CE526C25212465A800A2EED2 = {
			isa = PBXGroup;
			children = (
				3AD23EBFB46F9DD62D872C36 /* Frameworks */,
				CE1BD73C212565B8006097E5 /* Podfile */,
				0A8E927335E4454C81DE3B38 /* Pods */,
				CE526C2F212465A800A2EED2 /* Products */,
				CE526C30212465A800A2EED2 /* Wallet */,
				CE526C47212465A900A2EED2 /* WalletTests */,
				CE526C52212465A900A2EED2 /* WalletUITests */,
			);
			sourceTree = "<group>";
		};
		CE526C2F212465A800A2EED2 /* Products */ = {
			isa = PBXGroup;
			children = (
				CE526C2E212465A800A2EED2 /* Wallet.app */,
				CE526C44212465A900A2EED2 /* WalletTests.xctest */,
				CE526C4F212465A900A2EED2 /* WalletUITests.xctest */,
			);
			name = Products;
			sourceTree = "<group>";
		};
		CE526C30212465A800A2EED2 /* Wallet */ = {
			isa = PBXGroup;
			children = (
				CE0E5A6C212D9394003E2C5E /* App */,
				CE1A47C6212E960000418C11 /* External Libs */,
				CE526C72212485F900A2EED2 /* Extensions */,
				CE25B7452126B4E20097230A /* Screens */,
				CE25B7462126B4F80097230A /* Helpers */,
				CE526C3F212465A900A2EED2 /* Info.plist */,
				CE25B74F2126EFEF0097230A /* Network */,
				CE25B7442126B4C70097230A /* Storyboards */,
				CE526C6F21247F8500A2EED2 /* UI components */,
			);
			path = Wallet;
			sourceTree = "<group>";
		};
		CE526C47212465A900A2EED2 /* WalletTests */ = {
			isa = PBXGroup;
			children = (
				CE526C48212465A900A2EED2 /* WalletTests.swift */,
				CE526C4A212465A900A2EED2 /* Info.plist */,
			);
			path = WalletTests;
			sourceTree = "<group>";
		};
		CE526C52212465A900A2EED2 /* WalletUITests */ = {
			isa = PBXGroup;
			children = (
				CE526C53212465A900A2EED2 /* WalletUITests.swift */,
				CE526C55212465A900A2EED2 /* Info.plist */,
			);
			path = WalletUITests;
			sourceTree = "<group>";
		};
		CE526C6F21247F8500A2EED2 /* UI components */ = {
			isa = PBXGroup;
			children = (
				CEDDDEF921302D8200490781 /* SocialNetworkAuthView */,
				CEC06EAF212AEDD700D0DC97 /* SeparatorView.swift */,
				CE8F3EDA212BF20600FF1639 /* UnderlinedTextField.swift */,
				CE25B7292125A2E00097230A /* DefaultButton.swift */,
				CE0E5A64212D5681003E2C5E /* BaseButton.swift */,
				CE0E5A66212D569A003E2C5E /* LightButton.swift */,
			);
			path = "UI components";
			sourceTree = "<group>";
		};
		CE526C72212485F900A2EED2 /* Extensions */ = {
			isa = PBXGroup;
			children = (
				CE45A8BD212C029F0096DD5F /* StringExtension.swift */,
				CE2C5CCC21257DDB00F153E7 /* UIViewControllerExtension.swift */,
				CE526C6521246B8B00A2EED2 /* UIViewExtension.swift */,
				CE0E5A6D212DAE70003E2C5E /* UITextFieldExtension.swift */,
				CEDDDF012134354400490781 /* UIColorExtension.swift */,
				CE18547D214A637E009D1360 /* UIFontExtension.swift */,
			);
			path = Extensions;
			sourceTree = "<group>";
		};
		CEDDDEF921302D8200490781 /* SocialNetworkAuthView */ = {
			isa = PBXGroup;
			children = (
				CEDDDEFA21302D9300490781 /* SocialNetworkAuthView.swift */,
				CEDDDEFB21302D9400490781 /* SocialNetworkAuthView.xib */,
			);
			path = SocialNetworkAuthView;
			sourceTree = "<group>";
		};
/* End PBXGroup section */

/* Begin PBXNativeTarget section */
		CE526C2D212465A800A2EED2 /* Wallet */ = {
			isa = PBXNativeTarget;
			buildConfigurationList = CE526C58212465AA00A2EED2 /* Build configuration list for PBXNativeTarget "Wallet" */;
			buildPhases = (
				A1C3B3CA24810E069E4936AB /* [CP] Check Pods Manifest.lock */,
				CE526C2A212465A800A2EED2 /* Sources */,
				CE526C2B212465A800A2EED2 /* Frameworks */,
				CE526C2C212465A800A2EED2 /* Resources */,
				F7A86E839A909184787126A8 /* [CP] Embed Pods Frameworks */,
				828773B83939D997C861019B /* [CP] Copy Pods Resources */,
			);
			buildRules = (
			);
			dependencies = (
			);
			name = Wallet;
			productName = Wallet;
			productReference = CE526C2E212465A800A2EED2 /* Wallet.app */;
			productType = "com.apple.product-type.application";
		};
		CE526C43212465A900A2EED2 /* WalletTests */ = {
			isa = PBXNativeTarget;
			buildConfigurationList = CE526C5B212465AA00A2EED2 /* Build configuration list for PBXNativeTarget "WalletTests" */;
			buildPhases = (
				734EB0BADC127ECA7E7335B0 /* [CP] Check Pods Manifest.lock */,
				CE526C40212465A900A2EED2 /* Sources */,
				CE526C41212465A900A2EED2 /* Frameworks */,
				CE526C42212465A900A2EED2 /* Resources */,
			);
			buildRules = (
			);
			dependencies = (
				CE526C46212465A900A2EED2 /* PBXTargetDependency */,
			);
			name = WalletTests;
			productName = WalletTests;
			productReference = CE526C44212465A900A2EED2 /* WalletTests.xctest */;
			productType = "com.apple.product-type.bundle.unit-test";
		};
		CE526C4E212465A900A2EED2 /* WalletUITests */ = {
			isa = PBXNativeTarget;
			buildConfigurationList = CE526C5E212465AA00A2EED2 /* Build configuration list for PBXNativeTarget "WalletUITests" */;
			buildPhases = (
				EB767D47E1153E8EADF7A334 /* [CP] Check Pods Manifest.lock */,
				CE526C4B212465A900A2EED2 /* Sources */,
				CE526C4C212465A900A2EED2 /* Frameworks */,
				CE526C4D212465A900A2EED2 /* Resources */,
			);
			buildRules = (
			);
			dependencies = (
				CE526C51212465A900A2EED2 /* PBXTargetDependency */,
			);
			name = WalletUITests;
			productName = WalletUITests;
			productReference = CE526C4F212465A900A2EED2 /* WalletUITests.xctest */;
			productType = "com.apple.product-type.bundle.ui-testing";
		};
/* End PBXNativeTarget section */

/* Begin PBXProject section */
		CE526C26212465A800A2EED2 /* Project object */ = {
			isa = PBXProject;
			attributes = {
				LastSwiftUpdateCheck = 0940;
				LastUpgradeCheck = 0940;
				ORGANIZATIONNAME = Storiqa;
				TargetAttributes = {
					CE526C2D212465A800A2EED2 = {
						CreatedOnToolsVersion = 9.4.1;
					};
					CE526C43212465A900A2EED2 = {
						CreatedOnToolsVersion = 9.4.1;
						TestTargetID = CE526C2D212465A800A2EED2;
					};
					CE526C4E212465A900A2EED2 = {
						CreatedOnToolsVersion = 9.4.1;
						TestTargetID = CE526C2D212465A800A2EED2;
					};
				};
			};
			buildConfigurationList = CE526C29212465A800A2EED2 /* Build configuration list for PBXProject "Wallet" */;
			compatibilityVersion = "Xcode 9.3";
			developmentRegion = en;
			hasScannedForEncodings = 0;
			knownRegions = (
				en,
				Base,
			);
			mainGroup = CE526C25212465A800A2EED2;
			productRefGroup = CE526C2F212465A800A2EED2 /* Products */;
			projectDirPath = "";
			projectRoot = "";
			targets = (
				CE526C2D212465A800A2EED2 /* Wallet */,
				CE526C43212465A900A2EED2 /* WalletTests */,
				CE526C4E212465A900A2EED2 /* WalletUITests */,
			);
		};
/* End PBXProject section */

/* Begin PBXResourcesBuildPhase section */
		CE526C2C212465A800A2EED2 /* Resources */ = {
			isa = PBXResourcesBuildPhase;
			buildActionMask = 2147483647;
			files = (
				CE526C3E212465A900A2EED2 /* LaunchScreen.storyboard in Resources */,
				CEDDDEFD21302D9400490781 /* SocialNetworkAuthView.xib in Resources */,
				CE526C3B212465A900A2EED2 /* Assets.xcassets in Resources */,
				CE18547A214A602C009D1360 /* PopupViewController.xib in Resources */,
				CE185494214BE558009D1360 /* Localizable.strings in Resources */,
				CE185498214C0241009D1360 /* QuickLaunch.storyboard in Resources */,
				CE185480214AA044009D1360 /* PasswordRecovery.storyboard in Resources */,
				CE1BD73D212565B8006097E5 /* Podfile in Resources */,
				CE526C39212465A800A2EED2 /* Main.storyboard in Resources */,
				CE1A47DE212E9E6900418C11 /* PasswordContainerView.xib in Resources */,
			);
			runOnlyForDeploymentPostprocessing = 0;
		};
		CE526C42212465A900A2EED2 /* Resources */ = {
			isa = PBXResourcesBuildPhase;
			buildActionMask = 2147483647;
			files = (
			);
			runOnlyForDeploymentPostprocessing = 0;
		};
		CE526C4D212465A900A2EED2 /* Resources */ = {
			isa = PBXResourcesBuildPhase;
			buildActionMask = 2147483647;
			files = (
			);
			runOnlyForDeploymentPostprocessing = 0;
		};
/* End PBXResourcesBuildPhase section */

/* Begin PBXShellScriptBuildPhase section */
		734EB0BADC127ECA7E7335B0 /* [CP] Check Pods Manifest.lock */ = {
			isa = PBXShellScriptBuildPhase;
			buildActionMask = 2147483647;
			files = (
			);
			inputPaths = (
				"${PODS_PODFILE_DIR_PATH}/Podfile.lock",
				"${PODS_ROOT}/Manifest.lock",
			);
			name = "[CP] Check Pods Manifest.lock";
			outputPaths = (
				"$(DERIVED_FILE_DIR)/Pods-WalletTests-checkManifestLockResult.txt",
			);
			runOnlyForDeploymentPostprocessing = 0;
			shellPath = /bin/sh;
			shellScript = "diff \"${PODS_PODFILE_DIR_PATH}/Podfile.lock\" \"${PODS_ROOT}/Manifest.lock\" > /dev/null\nif [ $? != 0 ] ; then\n    # print error to STDERR\n    echo \"error: The sandbox is not in sync with the Podfile.lock. Run 'pod install' or update your CocoaPods installation.\" >&2\n    exit 1\nfi\n# This output is used by Xcode 'outputs' to avoid re-running this script phase.\necho \"SUCCESS\" > \"${SCRIPT_OUTPUT_FILE_0}\"\n";
			showEnvVarsInLog = 0;
		};
		828773B83939D997C861019B /* [CP] Copy Pods Resources */ = {
			isa = PBXShellScriptBuildPhase;
			buildActionMask = 2147483647;
			files = (
			);
			inputPaths = (
				"${SRCROOT}/Pods/Target Support Files/Pods-Wallet/Pods-Wallet-resources.sh",
				"${PODS_ROOT}/GoogleSignIn/Resources/GoogleSignIn.bundle",
			);
			name = "[CP] Copy Pods Resources";
			outputPaths = (
				"${TARGET_BUILD_DIR}/${UNLOCALIZED_RESOURCES_FOLDER_PATH}/GoogleSignIn.bundle",
			);
			runOnlyForDeploymentPostprocessing = 0;
			shellPath = /bin/sh;
			shellScript = "\"${SRCROOT}/Pods/Target Support Files/Pods-Wallet/Pods-Wallet-resources.sh\"\n";
			showEnvVarsInLog = 0;
		};
		A1C3B3CA24810E069E4936AB /* [CP] Check Pods Manifest.lock */ = {
			isa = PBXShellScriptBuildPhase;
			buildActionMask = 2147483647;
			files = (
			);
			inputPaths = (
				"${PODS_PODFILE_DIR_PATH}/Podfile.lock",
				"${PODS_ROOT}/Manifest.lock",
			);
			name = "[CP] Check Pods Manifest.lock";
			outputPaths = (
				"$(DERIVED_FILE_DIR)/Pods-Wallet-checkManifestLockResult.txt",
			);
			runOnlyForDeploymentPostprocessing = 0;
			shellPath = /bin/sh;
			shellScript = "diff \"${PODS_PODFILE_DIR_PATH}/Podfile.lock\" \"${PODS_ROOT}/Manifest.lock\" > /dev/null\nif [ $? != 0 ] ; then\n    # print error to STDERR\n    echo \"error: The sandbox is not in sync with the Podfile.lock. Run 'pod install' or update your CocoaPods installation.\" >&2\n    exit 1\nfi\n# This output is used by Xcode 'outputs' to avoid re-running this script phase.\necho \"SUCCESS\" > \"${SCRIPT_OUTPUT_FILE_0}\"\n";
			showEnvVarsInLog = 0;
		};
		EB767D47E1153E8EADF7A334 /* [CP] Check Pods Manifest.lock */ = {
			isa = PBXShellScriptBuildPhase;
			buildActionMask = 2147483647;
			files = (
			);
			inputPaths = (
				"${PODS_PODFILE_DIR_PATH}/Podfile.lock",
				"${PODS_ROOT}/Manifest.lock",
			);
			name = "[CP] Check Pods Manifest.lock";
			outputPaths = (
				"$(DERIVED_FILE_DIR)/Pods-WalletUITests-checkManifestLockResult.txt",
			);
			runOnlyForDeploymentPostprocessing = 0;
			shellPath = /bin/sh;
			shellScript = "diff \"${PODS_PODFILE_DIR_PATH}/Podfile.lock\" \"${PODS_ROOT}/Manifest.lock\" > /dev/null\nif [ $? != 0 ] ; then\n    # print error to STDERR\n    echo \"error: The sandbox is not in sync with the Podfile.lock. Run 'pod install' or update your CocoaPods installation.\" >&2\n    exit 1\nfi\n# This output is used by Xcode 'outputs' to avoid re-running this script phase.\necho \"SUCCESS\" > \"${SCRIPT_OUTPUT_FILE_0}\"\n";
			showEnvVarsInLog = 0;
		};
		F7A86E839A909184787126A8 /* [CP] Embed Pods Frameworks */ = {
			isa = PBXShellScriptBuildPhase;
			buildActionMask = 2147483647;
			files = (
			);
			inputPaths = (
				"${SRCROOT}/Pods/Target Support Files/Pods-Wallet/Pods-Wallet-frameworks.sh",
				"${BUILT_PRODUCTS_DIR}/Alamofire/Alamofire.framework",
				"${BUILT_PRODUCTS_DIR}/AlamofireNetworkActivityIndicator/AlamofireNetworkActivityIndicator.framework",
				"${BUILT_PRODUCTS_DIR}/Bolts/Bolts.framework",
				"${BUILT_PRODUCTS_DIR}/FBSDKCoreKit/FBSDKCoreKit.framework",
				"${BUILT_PRODUCTS_DIR}/FBSDKLoginKit/FBSDKLoginKit.framework",
				"${BUILT_PRODUCTS_DIR}/FacebookCore/FacebookCore.framework",
				"${BUILT_PRODUCTS_DIR}/FacebookLogin/FacebookLogin.framework",
				"${BUILT_PRODUCTS_DIR}/GTMOAuth2/GTMOAuth2.framework",
				"${BUILT_PRODUCTS_DIR}/GTMSessionFetcher/GTMSessionFetcher.framework",
				"${BUILT_PRODUCTS_DIR}/GoogleToolboxForMac/GoogleToolboxForMac.framework",
				"${BUILT_PRODUCTS_DIR}/Slog/Slog.framework",
			);
			name = "[CP] Embed Pods Frameworks";
			outputPaths = (
				"${TARGET_BUILD_DIR}/${FRAMEWORKS_FOLDER_PATH}/Alamofire.framework",
				"${TARGET_BUILD_DIR}/${FRAMEWORKS_FOLDER_PATH}/AlamofireNetworkActivityIndicator.framework",
				"${TARGET_BUILD_DIR}/${FRAMEWORKS_FOLDER_PATH}/Bolts.framework",
				"${TARGET_BUILD_DIR}/${FRAMEWORKS_FOLDER_PATH}/FBSDKCoreKit.framework",
				"${TARGET_BUILD_DIR}/${FRAMEWORKS_FOLDER_PATH}/FBSDKLoginKit.framework",
				"${TARGET_BUILD_DIR}/${FRAMEWORKS_FOLDER_PATH}/FacebookCore.framework",
				"${TARGET_BUILD_DIR}/${FRAMEWORKS_FOLDER_PATH}/FacebookLogin.framework",
				"${TARGET_BUILD_DIR}/${FRAMEWORKS_FOLDER_PATH}/GTMOAuth2.framework",
				"${TARGET_BUILD_DIR}/${FRAMEWORKS_FOLDER_PATH}/GTMSessionFetcher.framework",
				"${TARGET_BUILD_DIR}/${FRAMEWORKS_FOLDER_PATH}/GoogleToolboxForMac.framework",
				"${TARGET_BUILD_DIR}/${FRAMEWORKS_FOLDER_PATH}/Slog.framework",
			);
			runOnlyForDeploymentPostprocessing = 0;
			shellPath = /bin/sh;
			shellScript = "\"${SRCROOT}/Pods/Target Support Files/Pods-Wallet/Pods-Wallet-frameworks.sh\"\n";
			showEnvVarsInLog = 0;
		};
/* End PBXShellScriptBuildPhase section */

/* Begin PBXSourcesBuildPhase section */
		CE526C2A212465A800A2EED2 /* Sources */ = {
			isa = PBXSourcesBuildPhase;
			buildActionMask = 2147483647;
			files = (
				CE0E5A65212D5681003E2C5E /* BaseButton.swift in Sources */,
				CE45A8C0212C0D780096DD5F /* GraphQLMutation.swift in Sources */,
				CE25B75F212723110097230A /* RegistrationRequest.swift in Sources */,
				CE526C6621246B8B00A2EED2 /* UIViewExtension.swift in Sources */,
				CE64515B212FF33B00C1ABB0 /* ActivityIndicatorView.swift in Sources */,
				CE1A47DB212E9C5400418C11 /* PasswordContainerView.swift in Sources */,
				CE25B72D2125A2E10097230A /* DefaultButton.swift in Sources */,
				CE5FAF8A214FB25C009E707E /* PinQuickLaunchViewController.swift in Sources */,
				CE526C32212465A800A2EED2 /* AppDelegate.swift in Sources */,
				CE18547C214A605B009D1360 /* PopupViewController.swift in Sources */,
				CE0E5A67212D569A003E2C5E /* LightButton.swift in Sources */,
				CE25B75D212723040097230A /* RegistrationProvider.swift in Sources */,
				CEDDDEFF2130501900490781 /* SocialNetworkAuthRequest.swift in Sources */,
				CE8F3EDB212BF20600FF1639 /* UnderlinedTextField.swift in Sources */,
				CE0E5A6E212DAE70003E2C5E /* UITextFieldExtension.swift in Sources */,
				CE1A47DC212E9C5400418C11 /* PasswordDotView.swift in Sources */,
				CEE72D5D2125990900991B0C /* RegistrationViewController.swift in Sources */,
				CE185483214AA278009D1360 /* PasswordRecoveryViewController.swift in Sources */,
				CE5FAF8E214FB280009E707E /* PinSetupViewController.swift in Sources */,
				CE185491214BD578009D1360 /* ProviderDelegate.swift in Sources */,
				CE25B7552126F0960097230A /* LoginProvider.swift in Sources */,
				CE25B74C2126BCFF0097230A /* RequestSender.swift in Sources */,
				CE185487214B9EF7009D1360 /* PasswordRecoveryConfirmViewController.swift in Sources */,
				CE18548D214BA978009D1360 /* PasswordRecoveryRequest.swift in Sources */,
				CEDDDF042134499B00490781 /* Fallbacks.swift in Sources */,
				CE5FAF8C214FB26F009E707E /* TouchIdQuickLaunchViewController.swift in Sources */,
				CE25B759212711620097230A /* ResponseError.swift in Sources */,
				CE18547E214A637E009D1360 /* UIFontExtension.swift in Sources */,
				CEDDDEFC21302D9400490781 /* SocialNetworkAuthView.swift in Sources */,
				CE2C5CCF2125843000F153E7 /* PinInputViewController.swift in Sources */,
				CE25B73F2126AA200097230A /* Validations.swift in Sources */,
				CE25B7512126F01E0097230A /* Request.swift in Sources */,
				CEDDDF022134354400490781 /* UIColorExtension.swift in Sources */,
				CE7546C4212EF0F100757CB8 /* BiometricsAuthErrorParser.swift in Sources */,
				CEC06EB0212AEDD700D0DC97 /* SeparatorView.swift in Sources */,
				CE18548F214BA987009D1360 /* PasswordRecoveryConfirmRequest.swift in Sources */,
				CE18548B214BA95B009D1360 /* PasswordRecoveryConfirmProvider.swift in Sources */,
				CE5FAF90214FF1DA009E707E /* BiometricAuthProvider.swift in Sources */,
				CE2C5CCD21257DDB00F153E7 /* UIViewControllerExtension.swift in Sources */,
				CE1A47DD212E9C5400418C11 /* PasswordInputView.swift in Sources */,
				CE526C68212471CE00A2EED2 /* Constants.swift in Sources */,
				CE1EED752124BB8400BF39B8 /* LoginViewController.swift in Sources */,
				CE25B74A2126B5A50097230A /* Config.swift in Sources */,
				CE25B74E2126BEDB0097230A /* UserInfo.swift in Sources */,
				CE45A8BE212C029F0096DD5F /* StringExtension.swift in Sources */,
				CE185489214BA3FD009D1360 /* PasswordRecoveryBaseViewController.swift in Sources */,
				CE15A37A214F8E32008B311D /* QuickLaunchViewController.swift in Sources */,
				CE0E5A6B212D73E7003E2C5E /* Storyboard.swift in Sources */,
				CE25B7572126F0BE0097230A /* LoginRequest.swift in Sources */,
				CE0E5A5F212C35DE003E2C5E /* ResponseType.swift in Sources */,
				CE185485214AC0C6009D1360 /* PasswordRecoveryProvider.swift in Sources */,
			);
			runOnlyForDeploymentPostprocessing = 0;
		};
		CE526C40212465A900A2EED2 /* Sources */ = {
			isa = PBXSourcesBuildPhase;
			buildActionMask = 2147483647;
			files = (
				CE526C49212465A900A2EED2 /* WalletTests.swift in Sources */,
			);
			runOnlyForDeploymentPostprocessing = 0;
		};
		CE526C4B212465A900A2EED2 /* Sources */ = {
			isa = PBXSourcesBuildPhase;
			buildActionMask = 2147483647;
			files = (
				CE526C54212465A900A2EED2 /* WalletUITests.swift in Sources */,
			);
			runOnlyForDeploymentPostprocessing = 0;
		};
/* End PBXSourcesBuildPhase section */

/* Begin PBXTargetDependency section */
		CE526C46212465A900A2EED2 /* PBXTargetDependency */ = {
			isa = PBXTargetDependency;
			target = CE526C2D212465A800A2EED2 /* Wallet */;
			targetProxy = CE526C45212465A900A2EED2 /* PBXContainerItemProxy */;
		};
		CE526C51212465A900A2EED2 /* PBXTargetDependency */ = {
			isa = PBXTargetDependency;
			target = CE526C2D212465A800A2EED2 /* Wallet */;
			targetProxy = CE526C50212465A900A2EED2 /* PBXContainerItemProxy */;
		};
/* End PBXTargetDependency section */

/* Begin PBXVariantGroup section */
		CE185496214BE558009D1360 /* Localizable.strings */ = {
			isa = PBXVariantGroup;
			children = (
				CE185495214BE558009D1360 /* en */,
			);
			name = Localizable.strings;
			sourceTree = "<group>";
		};
		CE526C37212465A800A2EED2 /* Main.storyboard */ = {
			isa = PBXVariantGroup;
			children = (
				CE526C38212465A800A2EED2 /* Base */,
			);
			name = Main.storyboard;
			sourceTree = "<group>";
		};
		CE526C3C212465A900A2EED2 /* LaunchScreen.storyboard */ = {
			isa = PBXVariantGroup;
			children = (
				CE526C3D212465A900A2EED2 /* Base */,
			);
			name = LaunchScreen.storyboard;
			sourceTree = "<group>";
		};
/* End PBXVariantGroup section */

/* Begin XCBuildConfiguration section */
		CE526C56212465A900A2EED2 /* Debug */ = {
			isa = XCBuildConfiguration;
			buildSettings = {
				ALWAYS_SEARCH_USER_PATHS = NO;
				CLANG_ANALYZER_NONNULL = YES;
				CLANG_ANALYZER_NUMBER_OBJECT_CONVERSION = YES_AGGRESSIVE;
				CLANG_CXX_LANGUAGE_STANDARD = "gnu++14";
				CLANG_CXX_LIBRARY = "libc++";
				CLANG_ENABLE_MODULES = YES;
				CLANG_ENABLE_OBJC_ARC = YES;
				CLANG_ENABLE_OBJC_WEAK = YES;
				CLANG_WARN_BLOCK_CAPTURE_AUTORELEASING = YES;
				CLANG_WARN_BOOL_CONVERSION = YES;
				CLANG_WARN_COMMA = YES;
				CLANG_WARN_CONSTANT_CONVERSION = YES;
				CLANG_WARN_DEPRECATED_OBJC_IMPLEMENTATIONS = YES;
				CLANG_WARN_DIRECT_OBJC_ISA_USAGE = YES_ERROR;
				CLANG_WARN_DOCUMENTATION_COMMENTS = YES;
				CLANG_WARN_EMPTY_BODY = YES;
				CLANG_WARN_ENUM_CONVERSION = YES;
				CLANG_WARN_INFINITE_RECURSION = YES;
				CLANG_WARN_INT_CONVERSION = YES;
				CLANG_WARN_NON_LITERAL_NULL_CONVERSION = YES;
				CLANG_WARN_OBJC_IMPLICIT_RETAIN_SELF = YES;
				CLANG_WARN_OBJC_LITERAL_CONVERSION = YES;
				CLANG_WARN_OBJC_ROOT_CLASS = YES_ERROR;
				CLANG_WARN_RANGE_LOOP_ANALYSIS = YES;
				CLANG_WARN_STRICT_PROTOTYPES = YES;
				CLANG_WARN_SUSPICIOUS_MOVE = YES;
				CLANG_WARN_UNGUARDED_AVAILABILITY = YES_AGGRESSIVE;
				CLANG_WARN_UNREACHABLE_CODE = YES;
				CLANG_WARN__DUPLICATE_METHOD_MATCH = YES;
				CODE_SIGN_IDENTITY = "iPhone Developer";
				COPY_PHASE_STRIP = NO;
				DEBUG_INFORMATION_FORMAT = dwarf;
				ENABLE_STRICT_OBJC_MSGSEND = YES;
				ENABLE_TESTABILITY = YES;
				GCC_C_LANGUAGE_STANDARD = gnu11;
				GCC_DYNAMIC_NO_PIC = NO;
				GCC_NO_COMMON_BLOCKS = YES;
				GCC_OPTIMIZATION_LEVEL = 0;
				GCC_PREPROCESSOR_DEFINITIONS = (
					"DEBUG=1",
					"$(inherited)",
				);
				GCC_WARN_64_TO_32_BIT_CONVERSION = YES;
				GCC_WARN_ABOUT_RETURN_TYPE = YES_ERROR;
				GCC_WARN_UNDECLARED_SELECTOR = YES;
				GCC_WARN_UNINITIALIZED_AUTOS = YES_AGGRESSIVE;
				GCC_WARN_UNUSED_FUNCTION = YES;
				GCC_WARN_UNUSED_VARIABLE = YES;
				IPHONEOS_DEPLOYMENT_TARGET = 11.4;
				MTL_ENABLE_DEBUG_INFO = YES;
				ONLY_ACTIVE_ARCH = YES;
				SDKROOT = iphoneos;
				SWIFT_ACTIVE_COMPILATION_CONDITIONS = DEBUG;
				SWIFT_OPTIMIZATION_LEVEL = "-Onone";
			};
			name = Debug;
		};
		CE526C57212465A900A2EED2 /* Release */ = {
			isa = XCBuildConfiguration;
			buildSettings = {
				ALWAYS_SEARCH_USER_PATHS = NO;
				CLANG_ANALYZER_NONNULL = YES;
				CLANG_ANALYZER_NUMBER_OBJECT_CONVERSION = YES_AGGRESSIVE;
				CLANG_CXX_LANGUAGE_STANDARD = "gnu++14";
				CLANG_CXX_LIBRARY = "libc++";
				CLANG_ENABLE_MODULES = YES;
				CLANG_ENABLE_OBJC_ARC = YES;
				CLANG_ENABLE_OBJC_WEAK = YES;
				CLANG_WARN_BLOCK_CAPTURE_AUTORELEASING = YES;
				CLANG_WARN_BOOL_CONVERSION = YES;
				CLANG_WARN_COMMA = YES;
				CLANG_WARN_CONSTANT_CONVERSION = YES;
				CLANG_WARN_DEPRECATED_OBJC_IMPLEMENTATIONS = YES;
				CLANG_WARN_DIRECT_OBJC_ISA_USAGE = YES_ERROR;
				CLANG_WARN_DOCUMENTATION_COMMENTS = YES;
				CLANG_WARN_EMPTY_BODY = YES;
				CLANG_WARN_ENUM_CONVERSION = YES;
				CLANG_WARN_INFINITE_RECURSION = YES;
				CLANG_WARN_INT_CONVERSION = YES;
				CLANG_WARN_NON_LITERAL_NULL_CONVERSION = YES;
				CLANG_WARN_OBJC_IMPLICIT_RETAIN_SELF = YES;
				CLANG_WARN_OBJC_LITERAL_CONVERSION = YES;
				CLANG_WARN_OBJC_ROOT_CLASS = YES_ERROR;
				CLANG_WARN_RANGE_LOOP_ANALYSIS = YES;
				CLANG_WARN_STRICT_PROTOTYPES = YES;
				CLANG_WARN_SUSPICIOUS_MOVE = YES;
				CLANG_WARN_UNGUARDED_AVAILABILITY = YES_AGGRESSIVE;
				CLANG_WARN_UNREACHABLE_CODE = YES;
				CLANG_WARN__DUPLICATE_METHOD_MATCH = YES;
				CODE_SIGN_IDENTITY = "iPhone Developer";
				COPY_PHASE_STRIP = NO;
				DEBUG_INFORMATION_FORMAT = "dwarf-with-dsym";
				ENABLE_NS_ASSERTIONS = NO;
				ENABLE_STRICT_OBJC_MSGSEND = YES;
				GCC_C_LANGUAGE_STANDARD = gnu11;
				GCC_NO_COMMON_BLOCKS = YES;
				GCC_WARN_64_TO_32_BIT_CONVERSION = YES;
				GCC_WARN_ABOUT_RETURN_TYPE = YES_ERROR;
				GCC_WARN_UNDECLARED_SELECTOR = YES;
				GCC_WARN_UNINITIALIZED_AUTOS = YES_AGGRESSIVE;
				GCC_WARN_UNUSED_FUNCTION = YES;
				GCC_WARN_UNUSED_VARIABLE = YES;
				IPHONEOS_DEPLOYMENT_TARGET = 11.4;
				MTL_ENABLE_DEBUG_INFO = NO;
				SDKROOT = iphoneos;
				SWIFT_COMPILATION_MODE = wholemodule;
				SWIFT_OPTIMIZATION_LEVEL = "-O";
				VALIDATE_PRODUCT = YES;
			};
			name = Release;
		};
		CE526C59212465AA00A2EED2 /* Debug */ = {
			isa = XCBuildConfiguration;
			baseConfigurationReference = ADE2B87D000AB5C20D3AD8A0 /* Pods-Wallet.debug.xcconfig */;
			buildSettings = {
				ASSETCATALOG_COMPILER_APPICON_NAME = AppIcon;
				CODE_SIGN_STYLE = Automatic;
				DEVELOPMENT_TEAM = HS8AM3WUSX;
				INFOPLIST_FILE = Wallet/Info.plist;
				IPHONEOS_DEPLOYMENT_TARGET = 9.0;
				LD_RUNPATH_SEARCH_PATHS = (
					"$(inherited)",
					"@executable_path/Frameworks",
				);
				PRODUCT_BUNDLE_IDENTIFIER = com.storiqa.mobilewallet;
				PRODUCT_NAME = "$(TARGET_NAME)";
				SWIFT_OBJC_BRIDGING_HEADER = "Wallet/App/Wallet-Bridging-Header.h";
				SWIFT_VERSION = 4.0;
				TARGETED_DEVICE_FAMILY = "1,2";
			};
			name = Debug;
		};
		CE526C5A212465AA00A2EED2 /* Release */ = {
			isa = XCBuildConfiguration;
			baseConfigurationReference = 9C21C637BF3AA6BA1C4DA088 /* Pods-Wallet.release.xcconfig */;
			buildSettings = {
				ASSETCATALOG_COMPILER_APPICON_NAME = AppIcon;
				CODE_SIGN_STYLE = Automatic;
				DEVELOPMENT_TEAM = HS8AM3WUSX;
				INFOPLIST_FILE = Wallet/Info.plist;
				IPHONEOS_DEPLOYMENT_TARGET = 9.0;
				LD_RUNPATH_SEARCH_PATHS = (
					"$(inherited)",
					"@executable_path/Frameworks",
				);
				PRODUCT_BUNDLE_IDENTIFIER = com.storiqa.mobilewallet;
				PRODUCT_NAME = "$(TARGET_NAME)";
				SWIFT_OBJC_BRIDGING_HEADER = "Wallet/App/Wallet-Bridging-Header.h";
				SWIFT_VERSION = 4.0;
				TARGETED_DEVICE_FAMILY = "1,2";
			};
			name = Release;
		};
		CE526C5C212465AA00A2EED2 /* Debug */ = {
			isa = XCBuildConfiguration;
			baseConfigurationReference = BC4DE7AF801525F566BD53C3 /* Pods-WalletTests.debug.xcconfig */;
			buildSettings = {
				ALWAYS_EMBED_SWIFT_STANDARD_LIBRARIES = YES;
				BUNDLE_LOADER = "$(TEST_HOST)";
				CODE_SIGN_STYLE = Automatic;
				DEVELOPMENT_TEAM = TM9C3QQWUR;
				INFOPLIST_FILE = WalletTests/Info.plist;
				LD_RUNPATH_SEARCH_PATHS = (
					"$(inherited)",
					"@executable_path/Frameworks",
					"@loader_path/Frameworks",
				);
				PRODUCT_BUNDLE_IDENTIFIER = Storiqa.WalletTests;
				PRODUCT_NAME = "$(TARGET_NAME)";
				SWIFT_VERSION = 4.0;
				TARGETED_DEVICE_FAMILY = "1,2";
				TEST_HOST = "$(BUILT_PRODUCTS_DIR)/Wallet.app/Wallet";
			};
			name = Debug;
		};
		CE526C5D212465AA00A2EED2 /* Release */ = {
			isa = XCBuildConfiguration;
			baseConfigurationReference = FAE747400FE4DC94F9A757B4 /* Pods-WalletTests.release.xcconfig */;
			buildSettings = {
				ALWAYS_EMBED_SWIFT_STANDARD_LIBRARIES = YES;
				BUNDLE_LOADER = "$(TEST_HOST)";
				CODE_SIGN_STYLE = Automatic;
				DEVELOPMENT_TEAM = TM9C3QQWUR;
				INFOPLIST_FILE = WalletTests/Info.plist;
				LD_RUNPATH_SEARCH_PATHS = (
					"$(inherited)",
					"@executable_path/Frameworks",
					"@loader_path/Frameworks",
				);
				PRODUCT_BUNDLE_IDENTIFIER = Storiqa.WalletTests;
				PRODUCT_NAME = "$(TARGET_NAME)";
				SWIFT_VERSION = 4.0;
				TARGETED_DEVICE_FAMILY = "1,2";
				TEST_HOST = "$(BUILT_PRODUCTS_DIR)/Wallet.app/Wallet";
			};
			name = Release;
		};
		CE526C5F212465AA00A2EED2 /* Debug */ = {
			isa = XCBuildConfiguration;
			baseConfigurationReference = FE8C6EE34B30F37B80B23249 /* Pods-WalletUITests.debug.xcconfig */;
			buildSettings = {
				ALWAYS_EMBED_SWIFT_STANDARD_LIBRARIES = YES;
				CODE_SIGN_STYLE = Automatic;
				DEVELOPMENT_TEAM = TM9C3QQWUR;
				INFOPLIST_FILE = WalletUITests/Info.plist;
				LD_RUNPATH_SEARCH_PATHS = (
					"$(inherited)",
					"@executable_path/Frameworks",
					"@loader_path/Frameworks",
				);
				PRODUCT_BUNDLE_IDENTIFIER = Storiqa.WalletUITests;
				PRODUCT_NAME = "$(TARGET_NAME)";
				SWIFT_VERSION = 4.0;
				TARGETED_DEVICE_FAMILY = "1,2";
				TEST_TARGET_NAME = Wallet;
			};
			name = Debug;
		};
		CE526C60212465AA00A2EED2 /* Release */ = {
			isa = XCBuildConfiguration;
			baseConfigurationReference = 80BC3700A8F4F4895DBC04C6 /* Pods-WalletUITests.release.xcconfig */;
			buildSettings = {
				ALWAYS_EMBED_SWIFT_STANDARD_LIBRARIES = YES;
				CODE_SIGN_STYLE = Automatic;
				DEVELOPMENT_TEAM = TM9C3QQWUR;
				INFOPLIST_FILE = WalletUITests/Info.plist;
				LD_RUNPATH_SEARCH_PATHS = (
					"$(inherited)",
					"@executable_path/Frameworks",
					"@loader_path/Frameworks",
				);
				PRODUCT_BUNDLE_IDENTIFIER = Storiqa.WalletUITests;
				PRODUCT_NAME = "$(TARGET_NAME)";
				SWIFT_VERSION = 4.0;
				TARGETED_DEVICE_FAMILY = "1,2";
				TEST_TARGET_NAME = Wallet;
			};
			name = Release;
		};
/* End XCBuildConfiguration section */

/* Begin XCConfigurationList section */
		CE526C29212465A800A2EED2 /* Build configuration list for PBXProject "Wallet" */ = {
			isa = XCConfigurationList;
			buildConfigurations = (
				CE526C56212465A900A2EED2 /* Debug */,
				CE526C57212465A900A2EED2 /* Release */,
			);
			defaultConfigurationIsVisible = 0;
			defaultConfigurationName = Release;
		};
		CE526C58212465AA00A2EED2 /* Build configuration list for PBXNativeTarget "Wallet" */ = {
			isa = XCConfigurationList;
			buildConfigurations = (
				CE526C59212465AA00A2EED2 /* Debug */,
				CE526C5A212465AA00A2EED2 /* Release */,
			);
			defaultConfigurationIsVisible = 0;
			defaultConfigurationName = Release;
		};
		CE526C5B212465AA00A2EED2 /* Build configuration list for PBXNativeTarget "WalletTests" */ = {
			isa = XCConfigurationList;
			buildConfigurations = (
				CE526C5C212465AA00A2EED2 /* Debug */,
				CE526C5D212465AA00A2EED2 /* Release */,
			);
			defaultConfigurationIsVisible = 0;
			defaultConfigurationName = Release;
		};
		CE526C5E212465AA00A2EED2 /* Build configuration list for PBXNativeTarget "WalletUITests" */ = {
			isa = XCConfigurationList;
			buildConfigurations = (
				CE526C5F212465AA00A2EED2 /* Debug */,
				CE526C60212465AA00A2EED2 /* Release */,
			);
			defaultConfigurationIsVisible = 0;
			defaultConfigurationName = Release;
		};
/* End XCConfigurationList section */
	};
	rootObject = CE526C26212465A800A2EED2 /* Project object */;
}
