PODS:
  - Alamofire (4.7.3)
  - SmileLock (3.0.3)

DEPENDENCIES:
  - Alamofire (~> 4.7)
  - SmileLock

SPEC REPOS:
  https://github.com/cocoapods/specs.git:
    - Alamofire
    - SmileLock

SPEC CHECKSUMS:
  Alamofire: c7287b6e5d7da964a70935e5db17046b7fde6568
  SmileLock: 247b62849cedca324e70ccfad5d01714602d739e

PODFILE CHECKSUM: f2d59c7baa561820ebe886cf2cc1fe3ed4bd1329

COCOAPODS: 1.5.3
